
Microsoft Visual Studio Solution File, Format Version 12.00
# Visual Studio Version 16
VisualStudioVersion = 16.0.30503.244
MinimumVisualStudioVersion = 10.0.40219.1
Project("{FAE04EC0-301F-11D3-BF4B-00C04F79EFBC}") = "ConsoleApp1", "ConsoleApp1\ConsoleApp1.csproj", "{D2210430-DA5A-449E-99FA-8979D80D5855}"
EndProject
Project("{FAE04EC0-301F-11D3-BF4B-00C04F79EFBC}") = "ClassLibrary1", "ClassLibrary1\ClassLibrary1.csproj", "{2C9D0813-D1DF-4D26-A595-3339BFE10EBF}"
EndProject
Global
	GlobalSection(SolutionConfigurationPlatforms) = preSolution
		Debug|Any CPU = Debug|Any CPU
		Release|Any CPU = Release|Any CPU
	EndGlobalSection
	GlobalSection(ProjectConfigurationPlatforms) = postSolution
		{D2210430-DA5A-449E-99FA-8979D80D5855}.Debug|Any CPU.ActiveCfg = Debug|Any CPU
		{D2210430-DA5A-449E-99FA-8979D80D5855}.Debug|Any CPU.Build.0 = Debug|Any CPU
		{D2210430-DA5A-449E-99FA-8979D80D5855}.Release|Any CPU.ActiveCfg = Release|Any CPU
		{D2210430-DA5A-449E-99FA-8979D80D5855}.Release|Any CPU.Build.0 = Release|Any CPU
		{2C9D0813-D1DF-4D26-A595-3339BFE10EBF}.Debug|Any CPU.ActiveCfg = Debug|Any CPU
		{2C9D0813-D1DF-4D26-A595-3339BFE10EBF}.Debug|Any CPU.Build.0 = Debug|Any CPU
		{2C9D0813-D1DF-4D26-A595-3339BFE10EBF}.Release|Any CPU.ActiveCfg = Release|Any CPU
		{2C9D0813-D1DF-4D26-A595-3339BFE10EBF}.Release|Any CPU.Build.0 = Release|Any CPU
	EndGlobalSection
	GlobalSection(SolutionProperties) = preSolution
		HideSolutionNode = FALSE
	EndGlobalSection
	GlobalSection(ExtensibilityGlobals) = postSolution
		SolutionGuid = {E5473C1D-2056-455E-B8AA-8DBB6754377B}
	EndGlobalSection
EndGlobal
