
Microsoft Visual Studio Solution File, Format Version 12.00
# Visual Studio Version 16
VisualStudioVersion = 16.0.30503.244
MinimumVisualStudioVersion = 10.0.40219.1
Project("{FAE04EC0-301F-11D3-BF4B-00C04F79EFBC}") = "Prototype", "Prototype\Prototype.csproj", "{1B7007C2-D940-4930-A740-79BD09B0D160}"
EndProject
Global
	GlobalSection(SolutionConfigurationPlatforms) = preSolution
		Debug|Any CPU = Debug|Any CPU
		Release|Any CPU = Release|Any CPU
	EndGlobalSection
	GlobalSection(ProjectConfigurationPlatforms) = postSolution
		{1B7007C2-D940-4930-A740-79BD09B0D160}.Debug|Any CPU.ActiveCfg = Debug|Any CPU
		{1B7007C2-D940-4930-A740-79BD09B0D160}.Debug|Any CPU.Build.0 = Debug|Any CPU
		{1B7007C2-D940-4930-A740-79BD09B0D160}.Release|Any CPU.ActiveCfg = Release|Any CPU
		{1B7007C2-D940-4930-A740-79BD09B0D160}.Release|Any CPU.Build.0 = Release|Any CPU
	EndGlobalSection
	GlobalSection(SolutionProperties) = preSolution
		HideSolutionNode = FALSE
	EndGlobalSection
	GlobalSection(ExtensibilityGlobals) = postSolution
		SolutionGuid = {83B09C25-8427-440E-83B3-1BA2FFF57C2B}
	EndGlobalSection
EndGlobal
