
Microsoft Visual Studio Solution File, Format Version 12.00
# Visual Studio Version 16
VisualStudioVersion = 16.0.30503.244
MinimumVisualStudioVersion = 10.0.40219.1
Project("{FAE04EC0-301F-11D3-BF4B-00C04F79EFBC}") = "Stack", "Stack\Stack.csproj", "{DF738F82-B427-465B-9F0E-DD92F655965A}"
EndProject
Project("{FAE04EC0-301F-11D3-BF4B-00C04F79EFBC}") = "StackTests", "StackTests\StackTests.csproj", "{C6C41ABD-A710-4D49-A552-ED287AF2F566}"
EndProject
Global
	GlobalSection(SolutionConfigurationPlatforms) = preSolution
		Debug|Any CPU = Debug|Any CPU
		Release|Any CPU = Release|Any CPU
	EndGlobalSection
	GlobalSection(ProjectConfigurationPlatforms) = postSolution
		{DF738F82-B427-465B-9F0E-DD92F655965A}.Debug|Any CPU.ActiveCfg = Debug|Any CPU
		{DF738F82-B427-465B-9F0E-DD92F655965A}.Debug|Any CPU.Build.0 = Debug|Any CPU
		{DF738F82-B427-465B-9F0E-DD92F655965A}.Release|Any CPU.ActiveCfg = Release|Any CPU
		{DF738F82-B427-465B-9F0E-DD92F655965A}.Release|Any CPU.Build.0 = Release|Any CPU
		{C6C41ABD-A710-4D49-A552-ED287AF2F566}.Debug|Any CPU.ActiveCfg = Debug|Any CPU
		{C6C41ABD-A710-4D49-A552-ED287AF2F566}.Debug|Any CPU.Build.0 = Debug|Any CPU
		{C6C41ABD-A710-4D49-A552-ED287AF2F566}.Release|Any CPU.ActiveCfg = Release|Any CPU
		{C6C41ABD-A710-4D49-A552-ED287AF2F566}.Release|Any CPU.Build.0 = Release|Any CPU
	EndGlobalSection
	GlobalSection(SolutionProperties) = preSolution
		HideSolutionNode = FALSE
	EndGlobalSection
	GlobalSection(ExtensibilityGlobals) = postSolution
		SolutionGuid = {88601A72-6CBB-4F75-8389-9ED7AF5E4D3F}
	EndGlobalSection
EndGlobal
