
Microsoft Visual Studio Solution File, Format Version 12.00
# Visual Studio Version 16
VisualStudioVersion = 16.0.30503.244
MinimumVisualStudioVersion = 10.0.40219.1
Project("{FAE04EC0-301F-11D3-BF4B-00C04F79EFBC}") = "AbstractFactory", "AbstractFactory\AbstractFactory.csproj", "{588D26E3-CB7A-42EC-96CD-EE2F094C0D39}"
EndProject
Global
	GlobalSection(SolutionConfigurationPlatforms) = preSolution
		Debug|Any CPU = Debug|Any CPU
		Release|Any CPU = Release|Any CPU
	EndGlobalSection
	GlobalSection(ProjectConfigurationPlatforms) = postSolution
		{588D26E3-CB7A-42EC-96CD-EE2F094C0D39}.Debug|Any CPU.ActiveCfg = Debug|Any CPU
		{588D26E3-CB7A-42EC-96CD-EE2F094C0D39}.Debug|Any CPU.Build.0 = Debug|Any CPU
		{588D26E3-CB7A-42EC-96CD-EE2F094C0D39}.Release|Any CPU.ActiveCfg = Release|Any CPU
		{588D26E3-CB7A-42EC-96CD-EE2F094C0D39}.Release|Any CPU.Build.0 = Release|Any CPU
	EndGlobalSection
	GlobalSection(SolutionProperties) = preSolution
		HideSolutionNode = FALSE
	EndGlobalSection
	GlobalSection(ExtensibilityGlobals) = postSolution
		SolutionGuid = {70BA2633-9D70-4024-B4DC-917BB7C9A1FE}
	EndGlobalSection
EndGlobal
