
Microsoft Visual Studio Solution File, Format Version 12.00
# Visual Studio Version 16
VisualStudioVersion = 16.0.30503.244
MinimumVisualStudioVersion = 10.0.40219.1
Project("{FAE04EC0-301F-11D3-BF4B-00C04F79EFBC}") = "Task18", "Task18\Task18.csproj", "{F59FF19E-62DC-4DEE-87D1-5B81A3829570}"
EndProject
Global
	GlobalSection(SolutionConfigurationPlatforms) = preSolution
		Debug|Any CPU = Debug|Any CPU
		Release|Any CPU = Release|Any CPU
	EndGlobalSection
	GlobalSection(ProjectConfigurationPlatforms) = postSolution
		{F59FF19E-62DC-4DEE-87D1-5B81A3829570}.Debug|Any CPU.ActiveCfg = Debug|Any CPU
		{F59FF19E-62DC-4DEE-87D1-5B81A3829570}.Debug|Any CPU.Build.0 = Debug|Any CPU
		{F59FF19E-62DC-4DEE-87D1-5B81A3829570}.Release|Any CPU.ActiveCfg = Release|Any CPU
		{F59FF19E-62DC-4DEE-87D1-5B81A3829570}.Release|Any CPU.Build.0 = Release|Any CPU
	EndGlobalSection
	GlobalSection(SolutionProperties) = preSolution
		HideSolutionNode = FALSE
	EndGlobalSection
	GlobalSection(ExtensibilityGlobals) = postSolution
		SolutionGuid = {06DAB935-6AA4-495B-8224-1BB1574E46F6}
	EndGlobalSection
EndGlobal
