
Microsoft Visual Studio Solution File, Format Version 12.00
# Visual Studio Version 16
VisualStudioVersion = 16.0.30503.244
MinimumVisualStudioVersion = 10.0.40219.1
Project("{FAE04EC0-301F-11D3-BF4B-00C04F79EFBC}") = "HeapSort", "HeapSort\HeapSort.csproj", "{E40692E5-ECB3-46B7-B9CD-955736547989}"
EndProject
Project("{FAE04EC0-301F-11D3-BF4B-00C04F79EFBC}") = "TDD", "TDD\TDD.csproj", "{C608D3F6-61A0-46FF-A8E0-3BBED9A19AC0}"
EndProject
Global
	GlobalSection(SolutionConfigurationPlatforms) = preSolution
		Debug|Any CPU = Debug|Any CPU
		Release|Any CPU = Release|Any CPU
	EndGlobalSection
	GlobalSection(ProjectConfigurationPlatforms) = postSolution
		{E40692E5-ECB3-46B7-B9CD-955736547989}.Debug|Any CPU.ActiveCfg = Debug|Any CPU
		{E40692E5-ECB3-46B7-B9CD-955736547989}.Debug|Any CPU.Build.0 = Debug|Any CPU
		{E40692E5-ECB3-46B7-B9CD-955736547989}.Release|Any CPU.ActiveCfg = Release|Any CPU
		{E40692E5-ECB3-46B7-B9CD-955736547989}.Release|Any CPU.Build.0 = Release|Any CPU
		{C608D3F6-61A0-46FF-A8E0-3BBED9A19AC0}.Debug|Any CPU.ActiveCfg = Debug|Any CPU
		{C608D3F6-61A0-46FF-A8E0-3BBED9A19AC0}.Debug|Any CPU.Build.0 = Debug|Any CPU
		{C608D3F6-61A0-46FF-A8E0-3BBED9A19AC0}.Release|Any CPU.ActiveCfg = Release|Any CPU
		{C608D3F6-61A0-46FF-A8E0-3BBED9A19AC0}.Release|Any CPU.Build.0 = Release|Any CPU
	EndGlobalSection
	GlobalSection(SolutionProperties) = preSolution
		HideSolutionNode = FALSE
	EndGlobalSection
	GlobalSection(ExtensibilityGlobals) = postSolution
		SolutionGuid = {6D6C9010-3629-4E3C-A62E-D22FCF8D096B}
	EndGlobalSection
EndGlobal
